
Microsoft Visual Studio Solution File, Format Version 12.00
# Visual Studio Version 16
VisualStudioVersion = 16.0.31515.178
MinimumVisualStudioVersion = 10.0.40219.1
Project("{9A19103F-16F7-4668-BE54-9A1E7A4F7556}") = "EditRelease", "EditRelease\EditRelease.csproj", "{216ECF29-5F09-45FC-AB5A-C221A3A8C988}"
EndProject
Global
	GlobalSection(SolutionConfigurationPlatforms) = preSolution
		Debug|Any CPU = Debug|Any CPU
		Release|Any CPU = Release|Any CPU
	EndGlobalSection
	GlobalSection(ProjectConfigurationPlatforms) = postSolution
		{216ECF29-5F09-45FC-AB5A-C221A3A8C988}.Debug|Any CPU.ActiveCfg = Debug|Any CPU
		{216ECF29-5F09-45FC-AB5A-C221A3A8C988}.Debug|Any CPU.Build.0 = Debug|Any CPU
		{216ECF29-5F09-45FC-AB5A-C221A3A8C988}.Release|Any CPU.ActiveCfg = Release|Any CPU
		{216ECF29-5F09-45FC-AB5A-C221A3A8C988}.Release|Any CPU.Build.0 = Release|Any CPU
	EndGlobalSection
	GlobalSection(SolutionProperties) = preSolution
		HideSolutionNode = FALSE
	EndGlobalSection
	GlobalSection(ExtensibilityGlobals) = postSolution
		SolutionGuid = {026868F8-BA0D-47E7-8E87-9ED7BB8090BF}
	EndGlobalSection
EndGlobal
